
Microsoft Visual Studio Solution File, Format Version 12.00
# Visual Studio 14
VisualStudioVersion = 14.0.25420.1
MinimumVisualStudioVersion = 10.0.40219.1
Project("{FAE04EC0-301F-11D3-BF4B-00C04F79EFBC}") = "Image Creater", "Image Creater\Image Creater.csproj", "{AE51B3A2-444C-4828-A62C-B8E0FFAF3600}"
EndProject
Project("{FAE04EC0-301F-11D3-BF4B-00C04F79EFBC}") = "Suitablity based CA", "..\Suitablity based CA\Suitablity based CA.csproj", "{D8DC8934-6484-47C3-89F4-109B52C755BD}"
EndProject
Global
	GlobalSection(SolutionConfigurationPlatforms) = preSolution
		Debug|Any CPU = Debug|Any CPU
		Release|Any CPU = Release|Any CPU
	EndGlobalSection
	GlobalSection(ProjectConfigurationPlatforms) = postSolution
		{AE51B3A2-444C-4828-A62C-B8E0FFAF3600}.Debug|Any CPU.ActiveCfg = Release|Any CPU
		{AE51B3A2-444C-4828-A62C-B8E0FFAF3600}.Debug|Any CPU.Build.0 = Release|Any CPU
		{AE51B3A2-444C-4828-A62C-B8E0FFAF3600}.Release|Any CPU.ActiveCfg = Release|Any CPU
		{AE51B3A2-444C-4828-A62C-B8E0FFAF3600}.Release|Any CPU.Build.0 = Release|Any CPU
		{D8DC8934-6484-47C3-89F4-109B52C755BD}.Debug|Any CPU.ActiveCfg = Debug|Any CPU
		{D8DC8934-6484-47C3-89F4-109B52C755BD}.Debug|Any CPU.Build.0 = Debug|Any CPU
		{D8DC8934-6484-47C3-89F4-109B52C755BD}.Release|Any CPU.ActiveCfg = Release|Any CPU
		{D8DC8934-6484-47C3-89F4-109B52C755BD}.Release|Any CPU.Build.0 = Release|Any CPU
	EndGlobalSection
	GlobalSection(SolutionProperties) = preSolution
		HideSolutionNode = FALSE
	EndGlobalSection
EndGlobal
